
Microsoft Visual Studio Solution File, Format Version 12.00
# Visual Studio 15
VisualStudioVersion = 15.0.28010.2003
MinimumVisualStudioVersion = 10.0.40219.1
Project("{2150E333-8FDC-42A3-9474-1A3956D46DE8}") = "src", "src", "{FD9E2C22-F876-4FC5-AD9F-5C85FA0AEC70}"
EndProject
Project("{2150E333-8FDC-42A3-9474-1A3956D46DE8}") = "test", "test", "{CA54D5FE-004D-464B-B20E-C8793A93FE79}"
EndProject
Project("{2150E333-8FDC-42A3-9474-1A3956D46DE8}") = "Solution Items", "Solution Items", "{B79BA2F7-8B01-4378-9114-2AC7420B98A5}"
	ProjectSection(SolutionItems) = preProject
		.gitignore = .gitignore
		LICENSE = LICENSE
		README.md = README.md
	EndProjectSection
EndProject
Project("{9A19103F-16F7-4668-BE54-9A1E7A4F7556}") = "KorDevAus", "src\KorDevAus\KorDevAus.csproj", "{0014A4F8-DF8C-4B99-9D0A-07273233ADBD}"
EndProject
Project("{FAE04EC0-301F-11D3-BF4B-00C04F79EFBC}") = "KorDevAus.Tests", "test\KorDevAus.Tests\KorDevAus.Tests.csproj", "{8D37FCC4-B03B-4D23-BD58-9E4B18996C07}"
EndProject
Global
	GlobalSection(SolutionConfigurationPlatforms) = preSolution
		Debug|Any CPU = Debug|Any CPU
		Release|Any CPU = Release|Any CPU
	EndGlobalSection
	GlobalSection(ProjectConfigurationPlatforms) = postSolution
		{0014A4F8-DF8C-4B99-9D0A-07273233ADBD}.Debug|Any CPU.ActiveCfg = Debug|Any CPU
		{0014A4F8-DF8C-4B99-9D0A-07273233ADBD}.Debug|Any CPU.Build.0 = Debug|Any CPU
		{0014A4F8-DF8C-4B99-9D0A-07273233ADBD}.Release|Any CPU.ActiveCfg = Release|Any CPU
		{0014A4F8-DF8C-4B99-9D0A-07273233ADBD}.Release|Any CPU.Build.0 = Release|Any CPU
		{8D37FCC4-B03B-4D23-BD58-9E4B18996C07}.Debug|Any CPU.ActiveCfg = Debug|Any CPU
		{8D37FCC4-B03B-4D23-BD58-9E4B18996C07}.Debug|Any CPU.Build.0 = Debug|Any CPU
		{8D37FCC4-B03B-4D23-BD58-9E4B18996C07}.Release|Any CPU.ActiveCfg = Release|Any CPU
		{8D37FCC4-B03B-4D23-BD58-9E4B18996C07}.Release|Any CPU.Build.0 = Release|Any CPU
	EndGlobalSection
	GlobalSection(SolutionProperties) = preSolution
		HideSolutionNode = FALSE
	EndGlobalSection
	GlobalSection(NestedProjects) = preSolution
		{0014A4F8-DF8C-4B99-9D0A-07273233ADBD} = {FD9E2C22-F876-4FC5-AD9F-5C85FA0AEC70}
		{8D37FCC4-B03B-4D23-BD58-9E4B18996C07} = {CA54D5FE-004D-464B-B20E-C8793A93FE79}
	EndGlobalSection
	GlobalSection(ExtensibilityGlobals) = postSolution
		SolutionGuid = {32CFAAED-6AE9-4FCD-939B-3F2F4CC5A54A}
	EndGlobalSection
EndGlobal
